{
	"name": "slide.w0s.jp-docs",
	"version": "1.0.0",
	"lockfileVersion": 2,
	"requires": true,
	"packages": {
		"": {
			"name": "slide.w0s.jp-docs",
			"version": "1.0.0",
			"dependencies": {
				"@saekitominaga/customelements-button-media-sameplay": "^1.1.1"
			}
		},
		"node_modules/@saekitominaga/customelements-button-media-sameplay": {
			"version": "1.1.1",
			"resolved": "https://registry.npmjs.org/@saekitominaga/customelements-button-media-sameplay/-/customelements-button-media-sameplay-1.1.1.tgz",
			"integrity": "sha512-oJMDMWOC/E/EFKpI7fsuEXKt5au3u+w8+QF7eggH0qUnn4J14TaMxkOAo5XTcHV6yGAX3FIn/3CUBCUvH78viw=="
		}
	},
	"dependencies": {
		"@saekitominaga/customelements-button-media-sameplay": {
			"version": "1.1.1",
			"resolved": "https://registry.npmjs.org/@saekitominaga/customelements-button-media-sameplay/-/customelements-button-media-sameplay-1.1.1.tgz",
			"integrity": "sha512-oJMDMWOC/E/EFKpI7fsuEXKt5au3u+w8+QF7eggH0qUnn4J14TaMxkOAo5XTcHV6yGAX3FIn/3CUBCUvH78viw=="
		}
	}
}
